
Microsoft Visual Studio Solution File, Format Version 12.00
Project("{FAE04EC0-301F-11D3-BF4B-00C04F79EFBC}") = "MultiThreadClient", "MultiThreadClient\MultiThreadClient.csproj", "{5F9A864A-7289-4F81-985C-8FE8F88587CC}"
EndProject
Global
	GlobalSection(SolutionConfigurationPlatforms) = preSolution
		Debug|Any CPU = Debug|Any CPU
		Release|Any CPU = Release|Any CPU
	EndGlobalSection
	GlobalSection(ProjectConfigurationPlatforms) = postSolution
		{5F9A864A-7289-4F81-985C-8FE8F88587CC}.Debug|Any CPU.ActiveCfg = Debug|Any CPU
		{5F9A864A-7289-4F81-985C-8FE8F88587CC}.Debug|Any CPU.Build.0 = Debug|Any CPU
		{5F9A864A-7289-4F81-985C-8FE8F88587CC}.Release|Any CPU.ActiveCfg = Release|Any CPU
		{5F9A864A-7289-4F81-985C-8FE8F88587CC}.Release|Any CPU.Build.0 = Release|Any CPU
	EndGlobalSection
EndGlobal
